
Microsoft Visual Studio Solution File, Format Version 12.00
# Visual Studio Version 16
VisualStudioVersion = 16.0.29709.97
MinimumVisualStudioVersion = 10.0.40219.1
Project("{FAE04EC0-301F-11D3-BF4B-00C04F79EFBC}") = "WindowsFormsApp1", "WindowsFormsApp1\WindowsFormsApp1.csproj", "{7C598B6F-45F9-488B-ABCB-319B23D3438B}"
EndProject
Global
	GlobalSection(SolutionConfigurationPlatforms) = preSolution
		Debug|Any CPU = Debug|Any CPU
		Release|Any CPU = Release|Any CPU
	EndGlobalSection
	GlobalSection(ProjectConfigurationPlatforms) = postSolution
		{7C598B6F-45F9-488B-ABCB-319B23D3438B}.Debug|Any CPU.ActiveCfg = Debug|Any CPU
		{7C598B6F-45F9-488B-ABCB-319B23D3438B}.Debug|Any CPU.Build.0 = Debug|Any CPU
		{7C598B6F-45F9-488B-ABCB-319B23D3438B}.Release|Any CPU.ActiveCfg = Release|Any CPU
		{7C598B6F-45F9-488B-ABCB-319B23D3438B}.Release|Any CPU.Build.0 = Release|Any CPU
	EndGlobalSection
	GlobalSection(SolutionProperties) = preSolution
		HideSolutionNode = FALSE
	EndGlobalSection
	GlobalSection(ExtensibilityGlobals) = postSolution
		SolutionGuid = {D32B011C-0D8F-4B96-9A26-A8F8F37FCAEE}
	EndGlobalSection
EndGlobal
